
Microsoft Visual Studio Solution File, Format Version 12.00
# Visual Studio Version 16
VisualStudioVersion = 16.0.28809.33
MinimumVisualStudioVersion = 10.0.40219.1
Project("{9A19103F-16F7-4668-BE54-9A1E7A4F7556}") = "asedemo", "asedemo\asedemo.csproj", "{CC320EB6-9B10-41BE-8C45-197B34629C44}"
EndProject
Project("{2150E333-8FDC-42A3-9474-1A3956D46DE8}") = "EFCore", "EFCore", "{884C5F43-2AB7-4376-AF20-EEF51FC16BEF}"
EndProject
Project("{9A19103F-16F7-4668-BE54-9A1E7A4F7556}") = "EFDemo", "EFDemo\EFCore\EFDemo.csproj", "{952A148E-0A29-42B6-B431-6E37C74991EE}"
EndProject
Project("{9A19103F-16F7-4668-BE54-9A1E7A4F7556}") = "AutofacDemo", "AutofacDemo\AutofacDemo\AutofacDemo.csproj", "{87D8FA1B-DF57-4E5A-81D6-804416C8FAFF}"
EndProject
Project("{9A19103F-16F7-4668-BE54-9A1E7A4F7556}") = "GlobalException", "GlobalException\GlobalException.csproj", "{3145056E-BB20-4758-AE7F-F159A2F8015E}"
EndProject
Project("{9A19103F-16F7-4668-BE54-9A1E7A4F7556}") = "AutoMapperDemo", "AutoMapperDemo\AutoMapperDemo.csproj", "{2D3891E6-6671-41B6-A788-306CCFC26F8F}"
EndProject
Project("{9A19103F-16F7-4668-BE54-9A1E7A4F7556}") = "grpcDemo.Server", "grpcDemo\grpcDemo.Server\grpcDemo.Server.csproj", "{AE615911-9D41-498A-90E7-6B2E95066E0C}"
EndProject
Project("{9A19103F-16F7-4668-BE54-9A1E7A4F7556}") = "grpcDemo.Client", "grpcDemo\grpcDemo.Client\grpcDemo.Client.csproj", "{1E6377F4-93CE-4466-B71E-EF84F9827E2F}"
EndProject
Project("{9A19103F-16F7-4668-BE54-9A1E7A4F7556}") = "ClassClone", "ClassClone\ClassClone.csproj", "{D6D3B0A6-72BE-4712-9CC7-DFEE900ADCBC}"
EndProject
Project("{FAE04EC0-301F-11D3-BF4B-00C04F79EFBC}") = "TxtDemo", "TxtDemo\TxtDemo.csproj", "{77FF07C4-0047-4253-93B7-BAE22E937E1A}"
EndProject
Project("{9A19103F-16F7-4668-BE54-9A1E7A4F7556}") = "dapperDemo", "dapperDemo\dapperDemo.csproj", "{41F691B0-8B3B-4F56-A4DE-2C5E6CFB83C2}"
EndProject
Project("{9A19103F-16F7-4668-BE54-9A1E7A4F7556}") = "Entities", "Entities\Entities.csproj", "{548EC034-5D18-487A-8F93-424ADB064BFD}"
EndProject
Project("{2150E333-8FDC-42A3-9474-1A3956D46DE8}") = "Orleans", "Orleans", "{011BCF1C-DB4B-40F0-BEB4-54A097CD78A6}"
EndProject
Project("{9A19103F-16F7-4668-BE54-9A1E7A4F7556}") = "client", "Orleans\client\client.csproj", "{2017BB5F-CE3D-4ECC-9C10-0D88702B61EE}"
EndProject
Project("{9A19103F-16F7-4668-BE54-9A1E7A4F7556}") = "Interfaces", "Orleans\Interfaces\Interfaces.csproj", "{E2996363-0B11-4D5C-A8C6-F2F2266CD3B1}"
EndProject
Project("{9A19103F-16F7-4668-BE54-9A1E7A4F7556}") = "Grains", "Orleans\Grains\Grains.csproj", "{A06AFB87-114F-4375-B55F-164E96F66F70}"
EndProject
Project("{9A19103F-16F7-4668-BE54-9A1E7A4F7556}") = "SiloHost", "Orleans\SiloHost\SiloHost.csproj", "{03E04F77-EEDD-44E9-9F60-E1303CE78514}"
EndProject
Project("{9A19103F-16F7-4668-BE54-9A1E7A4F7556}") = "TaskDemo", "TaskDemo\TaskDemo.csproj", "{C066D1FB-2915-43F7-A8B8-AB663ABA1303}"
EndProject
Project("{9A19103F-16F7-4668-BE54-9A1E7A4F7556}") = "stringint", "stringint\stringint.csproj", "{1F51CB87-181E-45F9-9B27-5A6A5664FF34}"
EndProject
Project("{2150E333-8FDC-42A3-9474-1A3956D46DE8}") = "Framework", "Framework", "{95265EF6-F188-4AD8-A1F6-F6A6EAF01F8E}"
EndProject
Project("{FAE04EC0-301F-11D3-BF4B-00C04F79EFBC}") = "WebService", "Framework\WebService\WebService.csproj", "{A2B53808-9D14-4F47-8BF4-261923952DB2}"
EndProject
Project("{FAE04EC0-301F-11D3-BF4B-00C04F79EFBC}") = "DapperDemo", "Framework\DapperDemo\DapperDemo.csproj", "{8F32235F-C167-433B-96B8-A7D7D3AA5E09}"
EndProject
Project("{9A19103F-16F7-4668-BE54-9A1E7A4F7556}") = "gRPCDemo", "NetCore\gRPCDemo\gRPCDemo.csproj", "{251EC3E5-9638-4CD6-9F32-4F7991E48847}"
EndProject
Project("{9A19103F-16F7-4668-BE54-9A1E7A4F7556}") = "dotnettyDemo", "dotnettyDemo\dotnettyDemo.csproj", "{D0C2E02D-5701-4850-B1C7-5A205162D119}"
EndProject
Project("{9A19103F-16F7-4668-BE54-9A1E7A4F7556}") = "httpsDemo", "httpsDemo\httpsDemo.csproj", "{92DE55D1-E9F8-453F-9AE5-CA30109C2342}"
EndProject
Project("{9A19103F-16F7-4668-BE54-9A1E7A4F7556}") = "https3", "https3\https3.csproj", "{2E6915FD-F71D-4574-8EB8-39613EE57AC9}"
EndProject
Project("{9A19103F-16F7-4668-BE54-9A1E7A4F7556}") = "rabbitmqDemo", "rabbitmqDemo\rabbitmqDemo.csproj", "{632E1729-66B6-4268-8EBD-CE4ED0E1118C}"
EndProject
Global
	GlobalSection(SolutionConfigurationPlatforms) = preSolution
		Debug|Any CPU = Debug|Any CPU
		Release|Any CPU = Release|Any CPU
	EndGlobalSection
	GlobalSection(ProjectConfigurationPlatforms) = postSolution
		{CC320EB6-9B10-41BE-8C45-197B34629C44}.Debug|Any CPU.ActiveCfg = Debug|Any CPU
		{CC320EB6-9B10-41BE-8C45-197B34629C44}.Debug|Any CPU.Build.0 = Debug|Any CPU
		{CC320EB6-9B10-41BE-8C45-197B34629C44}.Release|Any CPU.ActiveCfg = Release|Any CPU
		{CC320EB6-9B10-41BE-8C45-197B34629C44}.Release|Any CPU.Build.0 = Release|Any CPU
		{952A148E-0A29-42B6-B431-6E37C74991EE}.Debug|Any CPU.ActiveCfg = Debug|Any CPU
		{952A148E-0A29-42B6-B431-6E37C74991EE}.Debug|Any CPU.Build.0 = Debug|Any CPU
		{952A148E-0A29-42B6-B431-6E37C74991EE}.Release|Any CPU.ActiveCfg = Release|Any CPU
		{952A148E-0A29-42B6-B431-6E37C74991EE}.Release|Any CPU.Build.0 = Release|Any CPU
		{87D8FA1B-DF57-4E5A-81D6-804416C8FAFF}.Debug|Any CPU.ActiveCfg = Debug|Any CPU
		{87D8FA1B-DF57-4E5A-81D6-804416C8FAFF}.Debug|Any CPU.Build.0 = Debug|Any CPU
		{87D8FA1B-DF57-4E5A-81D6-804416C8FAFF}.Release|Any CPU.ActiveCfg = Release|Any CPU
		{87D8FA1B-DF57-4E5A-81D6-804416C8FAFF}.Release|Any CPU.Build.0 = Release|Any CPU
		{3145056E-BB20-4758-AE7F-F159A2F8015E}.Debug|Any CPU.ActiveCfg = Debug|Any CPU
		{3145056E-BB20-4758-AE7F-F159A2F8015E}.Debug|Any CPU.Build.0 = Debug|Any CPU
		{3145056E-BB20-4758-AE7F-F159A2F8015E}.Release|Any CPU.ActiveCfg = Release|Any CPU
		{3145056E-BB20-4758-AE7F-F159A2F8015E}.Release|Any CPU.Build.0 = Release|Any CPU
		{2D3891E6-6671-41B6-A788-306CCFC26F8F}.Debug|Any CPU.ActiveCfg = Debug|Any CPU
		{2D3891E6-6671-41B6-A788-306CCFC26F8F}.Debug|Any CPU.Build.0 = Debug|Any CPU
		{2D3891E6-6671-41B6-A788-306CCFC26F8F}.Release|Any CPU.ActiveCfg = Release|Any CPU
		{2D3891E6-6671-41B6-A788-306CCFC26F8F}.Release|Any CPU.Build.0 = Release|Any CPU
		{AE615911-9D41-498A-90E7-6B2E95066E0C}.Debug|Any CPU.ActiveCfg = Debug|Any CPU
		{AE615911-9D41-498A-90E7-6B2E95066E0C}.Debug|Any CPU.Build.0 = Debug|Any CPU
		{AE615911-9D41-498A-90E7-6B2E95066E0C}.Release|Any CPU.ActiveCfg = Release|Any CPU
		{AE615911-9D41-498A-90E7-6B2E95066E0C}.Release|Any CPU.Build.0 = Release|Any CPU
		{1E6377F4-93CE-4466-B71E-EF84F9827E2F}.Debug|Any CPU.ActiveCfg = Debug|Any CPU
		{1E6377F4-93CE-4466-B71E-EF84F9827E2F}.Debug|Any CPU.Build.0 = Debug|Any CPU
		{1E6377F4-93CE-4466-B71E-EF84F9827E2F}.Release|Any CPU.ActiveCfg = Release|Any CPU
		{1E6377F4-93CE-4466-B71E-EF84F9827E2F}.Release|Any CPU.Build.0 = Release|Any CPU
		{D6D3B0A6-72BE-4712-9CC7-DFEE900ADCBC}.Debug|Any CPU.ActiveCfg = Debug|Any CPU
		{D6D3B0A6-72BE-4712-9CC7-DFEE900ADCBC}.Debug|Any CPU.Build.0 = Debug|Any CPU
		{D6D3B0A6-72BE-4712-9CC7-DFEE900ADCBC}.Release|Any CPU.ActiveCfg = Release|Any CPU
		{D6D3B0A6-72BE-4712-9CC7-DFEE900ADCBC}.Release|Any CPU.Build.0 = Release|Any CPU
		{77FF07C4-0047-4253-93B7-BAE22E937E1A}.Debug|Any CPU.ActiveCfg = Debug|Any CPU
		{77FF07C4-0047-4253-93B7-BAE22E937E1A}.Debug|Any CPU.Build.0 = Debug|Any CPU
		{77FF07C4-0047-4253-93B7-BAE22E937E1A}.Release|Any CPU.ActiveCfg = Release|Any CPU
		{77FF07C4-0047-4253-93B7-BAE22E937E1A}.Release|Any CPU.Build.0 = Release|Any CPU
		{41F691B0-8B3B-4F56-A4DE-2C5E6CFB83C2}.Debug|Any CPU.ActiveCfg = Debug|Any CPU
		{41F691B0-8B3B-4F56-A4DE-2C5E6CFB83C2}.Debug|Any CPU.Build.0 = Debug|Any CPU
		{41F691B0-8B3B-4F56-A4DE-2C5E6CFB83C2}.Release|Any CPU.ActiveCfg = Release|Any CPU
		{41F691B0-8B3B-4F56-A4DE-2C5E6CFB83C2}.Release|Any CPU.Build.0 = Release|Any CPU
		{548EC034-5D18-487A-8F93-424ADB064BFD}.Debug|Any CPU.ActiveCfg = Debug|Any CPU
		{548EC034-5D18-487A-8F93-424ADB064BFD}.Debug|Any CPU.Build.0 = Debug|Any CPU
		{548EC034-5D18-487A-8F93-424ADB064BFD}.Release|Any CPU.ActiveCfg = Release|Any CPU
		{548EC034-5D18-487A-8F93-424ADB064BFD}.Release|Any CPU.Build.0 = Release|Any CPU
		{2017BB5F-CE3D-4ECC-9C10-0D88702B61EE}.Debug|Any CPU.ActiveCfg = Debug|Any CPU
		{2017BB5F-CE3D-4ECC-9C10-0D88702B61EE}.Debug|Any CPU.Build.0 = Debug|Any CPU
		{2017BB5F-CE3D-4ECC-9C10-0D88702B61EE}.Release|Any CPU.ActiveCfg = Release|Any CPU
		{2017BB5F-CE3D-4ECC-9C10-0D88702B61EE}.Release|Any CPU.Build.0 = Release|Any CPU
		{E2996363-0B11-4D5C-A8C6-F2F2266CD3B1}.Debug|Any CPU.ActiveCfg = Debug|Any CPU
		{E2996363-0B11-4D5C-A8C6-F2F2266CD3B1}.Debug|Any CPU.Build.0 = Debug|Any CPU
		{E2996363-0B11-4D5C-A8C6-F2F2266CD3B1}.Release|Any CPU.ActiveCfg = Release|Any CPU
		{E2996363-0B11-4D5C-A8C6-F2F2266CD3B1}.Release|Any CPU.Build.0 = Release|Any CPU
		{A06AFB87-114F-4375-B55F-164E96F66F70}.Debug|Any CPU.ActiveCfg = Debug|Any CPU
		{A06AFB87-114F-4375-B55F-164E96F66F70}.Debug|Any CPU.Build.0 = Debug|Any CPU
		{A06AFB87-114F-4375-B55F-164E96F66F70}.Release|Any CPU.ActiveCfg = Release|Any CPU
		{A06AFB87-114F-4375-B55F-164E96F66F70}.Release|Any CPU.Build.0 = Release|Any CPU
		{03E04F77-EEDD-44E9-9F60-E1303CE78514}.Debug|Any CPU.ActiveCfg = Debug|Any CPU
		{03E04F77-EEDD-44E9-9F60-E1303CE78514}.Debug|Any CPU.Build.0 = Debug|Any CPU
		{03E04F77-EEDD-44E9-9F60-E1303CE78514}.Release|Any CPU.ActiveCfg = Release|Any CPU
		{03E04F77-EEDD-44E9-9F60-E1303CE78514}.Release|Any CPU.Build.0 = Release|Any CPU
		{C066D1FB-2915-43F7-A8B8-AB663ABA1303}.Debug|Any CPU.ActiveCfg = Debug|Any CPU
		{C066D1FB-2915-43F7-A8B8-AB663ABA1303}.Debug|Any CPU.Build.0 = Debug|Any CPU
		{C066D1FB-2915-43F7-A8B8-AB663ABA1303}.Release|Any CPU.ActiveCfg = Release|Any CPU
		{C066D1FB-2915-43F7-A8B8-AB663ABA1303}.Release|Any CPU.Build.0 = Release|Any CPU
		{1F51CB87-181E-45F9-9B27-5A6A5664FF34}.Debug|Any CPU.ActiveCfg = Debug|Any CPU
		{1F51CB87-181E-45F9-9B27-5A6A5664FF34}.Debug|Any CPU.Build.0 = Debug|Any CPU
		{1F51CB87-181E-45F9-9B27-5A6A5664FF34}.Release|Any CPU.ActiveCfg = Release|Any CPU
		{1F51CB87-181E-45F9-9B27-5A6A5664FF34}.Release|Any CPU.Build.0 = Release|Any CPU
		{A2B53808-9D14-4F47-8BF4-261923952DB2}.Debug|Any CPU.ActiveCfg = Debug|Any CPU
		{A2B53808-9D14-4F47-8BF4-261923952DB2}.Debug|Any CPU.Build.0 = Debug|Any CPU
		{A2B53808-9D14-4F47-8BF4-261923952DB2}.Release|Any CPU.ActiveCfg = Release|Any CPU
		{A2B53808-9D14-4F47-8BF4-261923952DB2}.Release|Any CPU.Build.0 = Release|Any CPU
		{8F32235F-C167-433B-96B8-A7D7D3AA5E09}.Debug|Any CPU.ActiveCfg = Debug|Any CPU
		{8F32235F-C167-433B-96B8-A7D7D3AA5E09}.Debug|Any CPU.Build.0 = Debug|Any CPU
		{8F32235F-C167-433B-96B8-A7D7D3AA5E09}.Release|Any CPU.ActiveCfg = Release|Any CPU
		{8F32235F-C167-433B-96B8-A7D7D3AA5E09}.Release|Any CPU.Build.0 = Release|Any CPU
		{251EC3E5-9638-4CD6-9F32-4F7991E48847}.Debug|Any CPU.ActiveCfg = Debug|Any CPU
		{251EC3E5-9638-4CD6-9F32-4F7991E48847}.Debug|Any CPU.Build.0 = Debug|Any CPU
		{251EC3E5-9638-4CD6-9F32-4F7991E48847}.Release|Any CPU.ActiveCfg = Release|Any CPU
		{251EC3E5-9638-4CD6-9F32-4F7991E48847}.Release|Any CPU.Build.0 = Release|Any CPU
		{D0C2E02D-5701-4850-B1C7-5A205162D119}.Debug|Any CPU.ActiveCfg = Debug|Any CPU
		{D0C2E02D-5701-4850-B1C7-5A205162D119}.Debug|Any CPU.Build.0 = Debug|Any CPU
		{D0C2E02D-5701-4850-B1C7-5A205162D119}.Release|Any CPU.ActiveCfg = Release|Any CPU
		{D0C2E02D-5701-4850-B1C7-5A205162D119}.Release|Any CPU.Build.0 = Release|Any CPU
		{92DE55D1-E9F8-453F-9AE5-CA30109C2342}.Debug|Any CPU.ActiveCfg = Debug|Any CPU
		{92DE55D1-E9F8-453F-9AE5-CA30109C2342}.Debug|Any CPU.Build.0 = Debug|Any CPU
		{92DE55D1-E9F8-453F-9AE5-CA30109C2342}.Release|Any CPU.ActiveCfg = Release|Any CPU
		{92DE55D1-E9F8-453F-9AE5-CA30109C2342}.Release|Any CPU.Build.0 = Release|Any CPU
		{2E6915FD-F71D-4574-8EB8-39613EE57AC9}.Debug|Any CPU.ActiveCfg = Debug|Any CPU
		{2E6915FD-F71D-4574-8EB8-39613EE57AC9}.Debug|Any CPU.Build.0 = Debug|Any CPU
		{2E6915FD-F71D-4574-8EB8-39613EE57AC9}.Release|Any CPU.ActiveCfg = Release|Any CPU
		{2E6915FD-F71D-4574-8EB8-39613EE57AC9}.Release|Any CPU.Build.0 = Release|Any CPU
		{632E1729-66B6-4268-8EBD-CE4ED0E1118C}.Debug|Any CPU.ActiveCfg = Debug|Any CPU
		{632E1729-66B6-4268-8EBD-CE4ED0E1118C}.Debug|Any CPU.Build.0 = Debug|Any CPU
		{632E1729-66B6-4268-8EBD-CE4ED0E1118C}.Release|Any CPU.ActiveCfg = Release|Any CPU
		{632E1729-66B6-4268-8EBD-CE4ED0E1118C}.Release|Any CPU.Build.0 = Release|Any CPU
	EndGlobalSection
	GlobalSection(SolutionProperties) = preSolution
		HideSolutionNode = FALSE
	EndGlobalSection
	GlobalSection(NestedProjects) = preSolution
		{952A148E-0A29-42B6-B431-6E37C74991EE} = {884C5F43-2AB7-4376-AF20-EEF51FC16BEF}
		{2017BB5F-CE3D-4ECC-9C10-0D88702B61EE} = {011BCF1C-DB4B-40F0-BEB4-54A097CD78A6}
		{E2996363-0B11-4D5C-A8C6-F2F2266CD3B1} = {011BCF1C-DB4B-40F0-BEB4-54A097CD78A6}
		{A06AFB87-114F-4375-B55F-164E96F66F70} = {011BCF1C-DB4B-40F0-BEB4-54A097CD78A6}
		{03E04F77-EEDD-44E9-9F60-E1303CE78514} = {011BCF1C-DB4B-40F0-BEB4-54A097CD78A6}
		{A2B53808-9D14-4F47-8BF4-261923952DB2} = {95265EF6-F188-4AD8-A1F6-F6A6EAF01F8E}
		{8F32235F-C167-433B-96B8-A7D7D3AA5E09} = {95265EF6-F188-4AD8-A1F6-F6A6EAF01F8E}
		{251EC3E5-9638-4CD6-9F32-4F7991E48847} = {884C5F43-2AB7-4376-AF20-EEF51FC16BEF}
	EndGlobalSection
	GlobalSection(ExtensibilityGlobals) = postSolution
		SolutionGuid = {BF038F6D-7EE0-4F27-B8A3-29F6EF65791A}
	EndGlobalSection
EndGlobal
